{
  "version": 4,
  "terraform_version": "1.13.3",
  "serial": 12,
  "lineage": "dccc84cb-74af-0120-24de-4e5d41122cc2",
  "outputs": {
    "instance_public_ips": {
      "value": [
        "54.236.20.62",
        "54.172.246.105"
      ],
      "type": [
        "tuple",
        [
          "string",
          "string"
        ]
      ]
    }
  },
  "resources": [
    {
      "mode": "data",
      "type": "aws_ami",
      "name": "ubuntu",
      "provider": "provider[\"registry.terraform.io/hashicorp/aws\"]",
      "instances": [
        {
          "schema_version": 0,
          "attributes": {
            "architecture": "x86_64",
            "arn": "arn:aws:ec2:us-east-1::image/ami-0fb0b230890ccd1e6",
            "block_device_mappings": [
              {
                "device_name": "/dev/sda1",
                "ebs": {
                  "delete_on_termination": "true",
                  "encrypted": "false",
                  "iops": "0",
                  "snapshot_id": "snap-01a042ee8ac5da832",
                  "throughput": "0",
                  "volume_initialization_rate": "0",
                  "volume_size": "8",
                  "volume_type": "gp2"
                },
                "no_device": "",
                "virtual_name": ""
              },
              {
                "device_name": "/dev/sdb",
                "ebs": {},
                "no_device": "",
                "virtual_name": "ephemeral0"
              },
              {
                "device_name": "/dev/sdc",
                "ebs": {},
                "no_device": "",
                "virtual_name": "ephemeral1"
              }
            ],
            "boot_mode": "legacy-bios",
            "creation_date": "2025-06-25T05:33:11.000Z",
            "deprecation_time": "2027-06-25T05:33:11.000Z",
            "description": "Canonical, Ubuntu, 20.04, amd64 focal image",
            "ena_support": true,
            "executable_users": null,
            "filter": [
              {
                "name": "name",
                "values": [
                  "ubuntu/images/hvm-ssd/ubuntu-focal-20.04-amd64-server-*"
                ]
              }
            ],
            "hypervisor": "xen",
            "id": "ami-0fb0b230890ccd1e6",
            "image_id": "ami-0fb0b230890ccd1e6",
            "image_location": "amazon/ubuntu/images/hvm-ssd/ubuntu-focal-20.04-amd64-server-20250624",
            "image_owner_alias": "amazon",
            "image_type": "machine",
            "imds_support": "",
            "include_deprecated": false,
            "kernel_id": "",
            "last_launched_time": "",
            "most_recent": true,
            "name": "ubuntu/images/hvm-ssd/ubuntu-focal-20.04-amd64-server-20250624",
            "name_regex": null,
            "owner_id": "099720109477",
            "owners": [
              "099720109477"
            ],
            "platform": "",
            "platform_details": "Linux/UNIX",
            "product_codes": [],
            "public": true,
            "ramdisk_id": "",
            "root_device_name": "/dev/sda1",
            "root_device_type": "ebs",
            "root_snapshot_id": "snap-01a042ee8ac5da832",
            "sriov_net_support": "simple",
            "state": "available",
            "state_reason": {
              "code": "UNSET",
              "message": "UNSET"
            },
            "tags": {},
            "timeouts": null,
            "tpm_support": "",
            "uefi_data": null,
            "usage_operation": "RunInstances",
            "virtualization_type": "hvm"
          },
          "sensitive_attributes": [],
          "identity_schema_version": 0
        }
      ]
    },
    {
      "mode": "data",
      "type": "aws_vpc",
      "name": "default",
      "provider": "provider[\"registry.terraform.io/hashicorp/aws\"]",
      "instances": [
        {
          "schema_version": 0,
          "attributes": {
            "arn": "arn:aws:ec2:us-east-1:883086653560:vpc/vpc-01b70b1b242dd915a",
            "cidr_block": "172.31.0.0/16",
            "cidr_block_associations": [
              {
                "association_id": "vpc-cidr-assoc-0cd209d8e7a702c07",
                "cidr_block": "172.31.0.0/16",
                "state": "associated"
              }
            ],
            "default": true,
            "dhcp_options_id": "dopt-0b35c9fbd68bf1445",
            "enable_dns_hostnames": true,
            "enable_dns_support": true,
            "enable_network_address_usage_metrics": false,
            "filter": null,
            "id": "vpc-01b70b1b242dd915a",
            "instance_tenancy": "default",
            "ipv6_association_id": "",
            "ipv6_cidr_block": "",
            "main_route_table_id": "rtb-004d7574c806efe00",
            "owner_id": "883086653560",
            "state": null,
            "tags": {},
            "timeouts": null
          },
          "sensitive_attributes": [],
          "identity_schema_version": 0
        }
      ]
    },
    {
      "mode": "managed",
      "type": "aws_instance",
      "name": "web",
      "provider": "provider[\"registry.terraform.io/hashicorp/aws\"]",
      "instances": [
        {
          "index_key": 0,
          "schema_version": 1,
          "attributes": {
            "ami": "ami-0fb0b230890ccd1e6",
            "arn": "arn:aws:ec2:us-east-1:883086653560:instance/i-0111f8a9cfebe69c1",
            "associate_public_ip_address": true,
            "availability_zone": "us-east-1a",
            "capacity_reservation_specification": [
              {
                "capacity_reservation_preference": "open",
                "capacity_reservation_target": []
              }
            ],
            "cpu_core_count": 1,
            "cpu_options": [
              {
                "amd_sev_snp": "",
                "core_count": 1,
                "threads_per_core": 2
              }
            ],
            "cpu_threads_per_core": 2,
            "credit_specification": [
              {
                "cpu_credits": "unlimited"
              }
            ],
            "disable_api_stop": false,
            "disable_api_termination": false,
            "ebs_block_device": [],
            "ebs_optimized": false,
            "enable_primary_ipv6": null,
            "enclave_options": [
              {
                "enabled": false
              }
            ],
            "ephemeral_block_device": [],
            "get_password_data": false,
            "hibernation": false,
            "host_id": "",
            "host_resource_group_arn": null,
            "iam_instance_profile": "",
            "id": "i-0111f8a9cfebe69c1",
            "instance_initiated_shutdown_behavior": "stop",
            "instance_lifecycle": "",
            "instance_market_options": [],
            "instance_state": "running",
            "instance_type": "t3.micro",
            "ipv6_address_count": 0,
            "ipv6_addresses": [],
            "key_name": "deployer-key",
            "launch_template": [],
            "maintenance_options": [
              {
                "auto_recovery": "default"
              }
            ],
            "metadata_options": [
              {
                "http_endpoint": "enabled",
                "http_protocol_ipv6": "disabled",
                "http_put_response_hop_limit": 1,
                "http_tokens": "optional",
                "instance_metadata_tags": "disabled"
              }
            ],
            "monitoring": false,
            "network_interface": [],
            "outpost_arn": "",
            "password_data": "",
            "placement_group": "",
            "placement_partition_number": 0,
            "primary_network_interface_id": "eni-03c046dd4cbdef8b8",
            "private_dns": "ip-172-31-24-233.ec2.internal",
            "private_dns_name_options": [
              {
                "enable_resource_name_dns_a_record": false,
                "enable_resource_name_dns_aaaa_record": false,
                "hostname_type": "ip-name"
              }
            ],
            "private_ip": "172.31.24.233",
            "public_dns": "ec2-54-236-20-62.compute-1.amazonaws.com",
            "public_ip": "54.236.20.62",
            "root_block_device": [
              {
                "delete_on_termination": true,
                "device_name": "/dev/sda1",
                "encrypted": false,
                "iops": 100,
                "kms_key_id": "",
                "tags": {},
                "tags_all": {},
                "throughput": 0,
                "volume_id": "vol-027b039627f4f4615",
                "volume_size": 8,
                "volume_type": "gp2"
              }
            ],
            "secondary_private_ips": [],
            "security_groups": [
              "ci_cd_sg"
            ],
            "source_dest_check": true,
            "spot_instance_request_id": "",
            "subnet_id": "subnet-0603ed9f5ef91baaa",
            "tags": {
              "Name": "ci-cd-web-1"
            },
            "tags_all": {
              "Name": "ci-cd-web-1"
            },
            "tenancy": "default",
            "timeouts": null,
            "user_data": "76e1bf9a3e037c0694bfc1f3000b5812bd61ce5b",
            "user_data_base64": null,
            "user_data_replace_on_change": false,
            "volume_tags": null,
            "vpc_security_group_ids": [
              "sg-00abde577e598202a"
            ]
          },
          "sensitive_attributes": [],
          "identity_schema_version": 0,
          "private": "eyJlMmJmYjczMC1lY2FhLTExZTYtOGY4OC0zNDM2M2JjN2M0YzAiOnsiY3JlYXRlIjo2MDAwMDAwMDAwMDAsImRlbGV0ZSI6MTIwMDAwMDAwMDAwMCwicmVhZCI6OTAwMDAwMDAwMDAwLCJ1cGRhdGUiOjYwMDAwMDAwMDAwMH0sInNjaGVtYV92ZXJzaW9uIjoiMSJ9",
          "dependencies": [
            "aws_key_pair.deployer",
            "aws_security_group.ssh_http",
            "data.aws_ami.ubuntu",
            "data.aws_vpc.default"
          ]
        },
        {
          "index_key": 1,
          "schema_version": 1,
          "attributes": {
            "ami": "ami-0fb0b230890ccd1e6",
            "arn": "arn:aws:ec2:us-east-1:883086653560:instance/i-0fb41ff4168452bab",
            "associate_public_ip_address": true,
            "availability_zone": "us-east-1a",
            "capacity_reservation_specification": [
              {
                "capacity_reservation_preference": "open",
                "capacity_reservation_target": []
              }
            ],
            "cpu_core_count": 1,
            "cpu_options": [
              {
                "amd_sev_snp": "",
                "core_count": 1,
                "threads_per_core": 2
              }
            ],
            "cpu_threads_per_core": 2,
            "credit_specification": [
              {
                "cpu_credits": "unlimited"
              }
            ],
            "disable_api_stop": false,
            "disable_api_termination": false,
            "ebs_block_device": [],
            "ebs_optimized": false,
            "enable_primary_ipv6": null,
            "enclave_options": [
              {
                "enabled": false
              }
            ],
            "ephemeral_block_device": [],
            "get_password_data": false,
            "hibernation": false,
            "host_id": "",
            "host_resource_group_arn": null,
            "iam_instance_profile": "",
            "id": "i-0fb41ff4168452bab",
            "instance_initiated_shutdown_behavior": "stop",
            "instance_lifecycle": "",
            "instance_market_options": [],
            "instance_state": "running",
            "instance_type": "t3.micro",
            "ipv6_address_count": 0,
            "ipv6_addresses": [],
            "key_name": "deployer-key",
            "launch_template": [],
            "maintenance_options": [
              {
                "auto_recovery": "default"
              }
            ],
            "metadata_options": [
              {
                "http_endpoint": "enabled",
                "http_protocol_ipv6": "disabled",
                "http_put_response_hop_limit": 1,
                "http_tokens": "optional",
                "instance_metadata_tags": "disabled"
              }
            ],
            "monitoring": false,
            "network_interface": [],
            "outpost_arn": "",
            "password_data": "",
            "placement_group": "",
            "placement_partition_number": 0,
            "primary_network_interface_id": "eni-079609c58d6e44bfa",
            "private_dns": "ip-172-31-23-131.ec2.internal",
            "private_dns_name_options": [
              {
                "enable_resource_name_dns_a_record": false,
                "enable_resource_name_dns_aaaa_record": false,
                "hostname_type": "ip-name"
              }
            ],
            "private_ip": "172.31.23.131",
            "public_dns": "ec2-54-172-246-105.compute-1.amazonaws.com",
            "public_ip": "54.172.246.105",
            "root_block_device": [
              {
                "delete_on_termination": true,
                "device_name": "/dev/sda1",
                "encrypted": false,
                "iops": 100,
                "kms_key_id": "",
                "tags": {},
                "tags_all": {},
                "throughput": 0,
                "volume_id": "vol-02da295cdd27ff085",
                "volume_size": 8,
                "volume_type": "gp2"
              }
            ],
            "secondary_private_ips": [],
            "security_groups": [
              "ci_cd_sg"
            ],
            "source_dest_check": true,
            "spot_instance_request_id": "",
            "subnet_id": "subnet-0603ed9f5ef91baaa",
            "tags": {
              "Name": "ci-cd-web-2"
            },
            "tags_all": {
              "Name": "ci-cd-web-2"
            },
            "tenancy": "default",
            "timeouts": null,
            "user_data": "76e1bf9a3e037c0694bfc1f3000b5812bd61ce5b",
            "user_data_base64": null,
            "user_data_replace_on_change": false,
            "volume_tags": null,
            "vpc_security_group_ids": [
              "sg-00abde577e598202a"
            ]
          },
          "sensitive_attributes": [],
          "identity_schema_version": 0,
          "private": "eyJlMmJmYjczMC1lY2FhLTExZTYtOGY4OC0zNDM2M2JjN2M0YzAiOnsiY3JlYXRlIjo2MDAwMDAwMDAwMDAsImRlbGV0ZSI6MTIwMDAwMDAwMDAwMCwicmVhZCI6OTAwMDAwMDAwMDAwLCJ1cGRhdGUiOjYwMDAwMDAwMDAwMH0sInNjaGVtYV92ZXJzaW9uIjoiMSJ9",
          "dependencies": [
            "aws_key_pair.deployer",
            "aws_security_group.ssh_http",
            "data.aws_ami.ubuntu",
            "data.aws_vpc.default"
          ]
        }
      ]
    },
    {
      "mode": "managed",
      "type": "aws_key_pair",
      "name": "deployer",
      "provider": "provider[\"registry.terraform.io/hashicorp/aws\"]",
      "instances": [
        {
          "schema_version": 1,
          "attributes": {
            "arn": "arn:aws:ec2:us-east-1:883086653560:key-pair/deployer-key",
            "fingerprint": "b4:5d:83:f9:d7:a3:2a:d8:8c:cb:ac:98:e0:43:c7:dc",
            "id": "deployer-key",
            "key_name": "deployer-key",
            "key_name_prefix": "",
            "key_pair_id": "key-07ecf67d719b6956e",
            "key_type": "rsa",
            "public_key": "ssh-rsa AAAAB3NzaC1yc2EAAAADAQABAAACAQDv7ihoE7KsaqTaXNZsNNfYnouneyQ7nFDVcZwF4noDz69z8ndFk5WP2mKJrZbPS9zWlwjPMdeGBRbjcs9wXIaUyTUG03dqF+z+TIJrE2Bkqhp0o10sOEwbL3/wlolN8oINzBoz8qrTgfhHkj0cVsPw3kx2I1F9EaASSCPSjlMveR/lNv3AB4CdUaHBOQAv/D358ETWJmELmznLNp3rtH8Gjhi7EFX8b4jLknne+nxPcU2HWcuPcCVv2PuTmHry1qrRlbwRu4kT5kcTdbiDKqNnq0wC7uQjWFcgquueOcZiTX0ot/w0oPWSEL15iT2c1d0RzcfSPwQ8pM1A8yGpVM3scBTTOsChiQHRAEJkXeLtPYIB7strGkoQ9ohBmY4xL04IEsEvs9ywniP2lGpPl9X4Zutess1gSku74p+OjLDNBX92L7LJFkcAWA/rESEkDDFXesccdTkZbG8/Cq68ykjDQCPalcpkHlR4lX48lH7f0g3PulIIEdekJt/qm0qlsTyMAE6nOl7rjbuDFlhqVf7Sur87JrerWtDDf0ZNkNuzH1+l2Ut4ky2xwCThTOM37TVIeeJkxlvZNhPqJxqL5ye6Bjf3quj3cIWdsDulHnwHI2JiNQ9Q9u2Pvrj0vnWjCvI5sf7dHGMOXlLQA5M5c3rSQcHqm0Zb2W0F4IhE8xjTVw== root@ip-172-31-40-30",
            "tags": null,
            "tags_all": {}
          },
          "sensitive_attributes": [],
          "identity_schema_version": 0,
          "private": "eyJzY2hlbWFfdmVyc2lvbiI6IjEifQ=="
        }
      ]
    },
    {
      "mode": "managed",
      "type": "aws_security_group",
      "name": "ssh_http",
      "provider": "provider[\"registry.terraform.io/hashicorp/aws\"]",
      "instances": [
        {
          "schema_version": 1,
          "attributes": {
            "arn": "arn:aws:ec2:us-east-1:883086653560:security-group/sg-00abde577e598202a",
            "description": "Allow SSH from admin and HTTP from anywhere",
            "egress": [
              {
                "cidr_blocks": [
                  "0.0.0.0/0"
                ],
                "description": "",
                "from_port": 0,
                "ipv6_cidr_blocks": [],
                "prefix_list_ids": [],
                "protocol": "-1",
                "security_groups": [],
                "self": false,
                "to_port": 0
              }
            ],
            "id": "sg-00abde577e598202a",
            "ingress": [
              {
                "cidr_blocks": [
                  "0.0.0.0/0"
                ],
                "description": "HTTP",
                "from_port": 80,
                "ipv6_cidr_blocks": [],
                "prefix_list_ids": [],
                "protocol": "tcp",
                "security_groups": [],
                "self": false,
                "to_port": 80
              },
              {
                "cidr_blocks": [
                  "0.0.0.0/0"
                ],
                "description": "SSH from admin IP",
                "from_port": 22,
                "ipv6_cidr_blocks": [],
                "prefix_list_ids": [],
                "protocol": "tcp",
                "security_groups": [],
                "self": false,
                "to_port": 22
              }
            ],
            "name": "ci_cd_sg",
            "name_prefix": "",
            "owner_id": "883086653560",
            "revoke_rules_on_delete": false,
            "tags": {},
            "tags_all": {},
            "timeouts": null,
            "vpc_id": "vpc-01b70b1b242dd915a"
          },
          "sensitive_attributes": [],
          "identity_schema_version": 0,
          "private": "eyJlMmJmYjczMC1lY2FhLTExZTYtOGY4OC0zNDM2M2JjN2M0YzAiOnsiY3JlYXRlIjo2MDAwMDAwMDAwMDAsImRlbGV0ZSI6OTAwMDAwMDAwMDAwfSwic2NoZW1hX3ZlcnNpb24iOiIxIn0=",
          "dependencies": [
            "data.aws_vpc.default"
          ]
        }
      ]
    },
    {
      "mode": "managed",
      "type": "tls_private_key",
      "name": "dummy",
      "provider": "provider[\"registry.terraform.io/hashicorp/tls\"]",
      "instances": [
        {
          "schema_version": 1,
          "attributes": {
            "algorithm": "RSA",
            "ecdsa_curve": "P224",
            "id": "10a299ae7d862f0d02a948f762ed9574d4720392",
            "private_key_openssh": "-----BEGIN OPENSSH PRIVATE KEY-----\nb3BlbnNzaC1rZXktdjEAAAAABG5vbmUAAAAEbm9uZQAAAAAAAAABAAACFwAAAAdz\nc2gtcnNhAAAAAwEAAQAAAgEAu3bySs+sWHdDCXGFOg2bn7xxj6itx6cCkRpUegMC\nfnGZRHpASxpHCqhaBRaHDabFwAIA+cuFRzTqk5KpgKcxslTDHvm2RMZQnaEMVNAY\nebA/7eMZe66N1nw9cGCLzz+pHmSfN1PoW4cJqPzGv3d7VTbu+CQrsNWE6/KMnvMk\nxi/IaFDS2okDSMSnR5sjibLwvrc9gPQhIt/1nk2zwtBbixrjSjRY4kj8nNA1Ph2W\nMFmOaG4s92cYMyhoXUtpCe5GXP3xXAC1YSIY4XnXG3xIUAPKAEChDhI/AYfiPXpR\n+84Wtd0U3eoExaV+15oG8mjUieVh/SJxpzeb1tsjVGCezXl3Df24XHyjPnEg8OFl\nk4IyTTm0byHEW65Q/1iZL+i+WzVs4xdKDMS/LVbyT+gTX6ZaRJhLjMgtxw165s1B\nQG9CCLSeK9FvNEG1LLYgQ5bURfV9g+fvsGMXBdtSTQWc3tYsnBRQCsi2tMkeyb53\nic5aQYnucu5YpSvrLI8z99cTmlHdNiErVqrPqYEZxop60WgeCKE7+4+9StMWRBQi\nyvhMpmvMTjrOJgQAoClvcFgAL/rrCXDDvqvLeAQEzOahbMXuN/BBHEZzFFntb06a\nhVCdfTbcdSy34Lh3XbqATi/NnOP6V2QQQ+rmpXQAg+eEve0SG5VjMmTu6pbmnCIo\n9D0AAAc4dvZE+nb2RPoAAAAHc3NoLXJzYQAAAgEAu3bySs+sWHdDCXGFOg2bn7xx\nj6itx6cCkRpUegMCfnGZRHpASxpHCqhaBRaHDabFwAIA+cuFRzTqk5KpgKcxslTD\nHvm2RMZQnaEMVNAYebA/7eMZe66N1nw9cGCLzz+pHmSfN1PoW4cJqPzGv3d7VTbu\n+CQrsNWE6/KMnvMkxi/IaFDS2okDSMSnR5sjibLwvrc9gPQhIt/1nk2zwtBbixrj\nSjRY4kj8nNA1Ph2WMFmOaG4s92cYMyhoXUtpCe5GXP3xXAC1YSIY4XnXG3xIUAPK\nAEChDhI/AYfiPXpR+84Wtd0U3eoExaV+15oG8mjUieVh/SJxpzeb1tsjVGCezXl3\nDf24XHyjPnEg8OFlk4IyTTm0byHEW65Q/1iZL+i+WzVs4xdKDMS/LVbyT+gTX6Za\nRJhLjMgtxw165s1BQG9CCLSeK9FvNEG1LLYgQ5bURfV9g+fvsGMXBdtSTQWc3tYs\nnBRQCsi2tMkeyb53ic5aQYnucu5YpSvrLI8z99cTmlHdNiErVqrPqYEZxop60Wge\nCKE7+4+9StMWRBQiyvhMpmvMTjrOJgQAoClvcFgAL/rrCXDDvqvLeAQEzOahbMXu\nN/BBHEZzFFntb06ahVCdfTbcdSy34Lh3XbqATi/NnOP6V2QQQ+rmpXQAg+eEve0S\nG5VjMmTu6pbmnCIo9D0AAAADAQABAAACAAKVQg6r4J7G0/980CStqCYOdhPxmnjI\nuPZafIB/tj+Kr6XYZt15tM22z+q5/LdRHMP1YFPC5NErjh5rFhLzzkqPhRWJxDdT\nS28HM0wDyZfD1Bh1wGv8caz3O2mTk63D62xlPhAexpNOMb93zLRQHZtjhl0H7/Mi\nn8cYbFPpUBCZ5NzKO/Y7jsQXre+xMTkOb2z+Lhz3LLSUo6NDF71qFSkti0EH6PfL\nq+CeZppHRDeJKOOskXwBCYCb0qTWRargCVb9rsYx/4V1ABnaCCuXgAt9gYcPUcjK\nWeAzznzIaiZMZpl9vMVplJJW9cKIMcQXy2JEr8w+kp+tuRuTaXYaG9mCxTnYbYCP\nIBQMiMvh13cAMYiP3EhVNXNx/E5XPEeRGndOrtCPmfD1LhsiRcjT7nb3dl3YVUvl\ndWXoL+ILn463bP8K5/5HQBUqr6yC96yoNgtjSxaO8qqBFIkukKVaf/lZR7Ri6dCT\nrmEkj+U49ydyyNrK2OW2p79muR2ZdXnpkeqWeLiM1d7Y2Jh08CaJleNzoYosez//\nbFeIFE99bS2uwq4LgfiMsge5jwCZajUWApTNjrn/kqggIrQdLbfsEWIN5QMUaa3s\n2aJSdEc5W84/667A2SaRK1rX2hwLX882kCyZMuTdlyiDh5VoCSggECWPKTEg7qRa\n1ZDvYh5Yv3QXAAABAQCXONHgMAkvR/YpPleNKLqX9Bu7pLnzAHUgk0zmNwMnXm0k\nWTHyuVpT8mCuZAzLmWJTPG7bSAWKwDre38nATXjG2Y9mTT/gVEoZWEYjeknbjTc9\nr0PDMAwi7Q8EPmDl6bCZCrxLoAi4NLxeneIoglG6n/D0/TmGaCc1eY1okSaV4uS+\n+Lz9Ugb5FFxM60tXqwDIomg0nEbhQHiYRRpv2f6y2D7Oh5t05Clgmrn4OpgLE/ff\nRWaGMu4DNdpj/LcFSGbExqJ19gxnGvOct2IWUoagaHCo0qItBYR2b0UtBmn6c0Es\nW5PUsNQSb906wVcIN/4GMX0h9JQFtucS7w2KZBHqAAABAQDPdW6lmGdFoQBu8Cgv\nBHvUjj6NPxKNHlGY2cW5Ucdkd/00sfF6oKIdiUvMnV9AsJfbzqly0Zx2z2mfv/LZ\n8wPlBhfoSyBjenYe5c3kuxVqW1KTS44ae4KiQnaVNDdS6bpXa3GWerxny4RaEJIc\nsTWjtgpLho2robh2pNvSgb0is1kre0Y5JbV+4a/DQExLjTalj0zs6DzLZSb+TTua\ncT13aA/oqqe6AMwIddC1FrXpB9AAQEis0J9YUD3YK5NGnlNK7tyl8jd/y6gV6trq\nxpmJGioyqdYUOF0cKO1ST2jbkgQF8n2nkGGM9lQ6cFRDXC/+7eppPsblVsa/NRTO\noeXjAAABAQDnU+OEgo4vRCXiypcNd4bkVTknV1MMk/T7TQPzQEdFM2YD+Wv5o/0l\nwN0WlDqiLOcOxDSAnbX5uRCzhdlpSIgs9dDjxSjkmzUL6SrnpvI3dyKrBciU2IL/\nCIMtqadtaPpquO2mH+X32psAHnS4jP01CeNBFQyW7EEpA9ZdP6ksanb9Ze5B2Acp\nUHcKvoQDzc/fUnjxKgDzS6LPFICrsdFQAThrbKxloc1xlVQrxZbUmq2avuVcrWzw\nTrD4OGNwbA5HGw9UUsdwPvNAPA9DgeSleEyDEDHo3NdcaSQzjVbEs0vP0jo+zQBs\n760OEPHYZ3k9kkWDAV07XnJljD7rYddfAAAAAAEC\n-----END OPENSSH PRIVATE KEY-----\n",
            "private_key_pem": "-----BEGIN RSA PRIVATE KEY-----\nMIIJKgIBAAKCAgEAu3bySs+sWHdDCXGFOg2bn7xxj6itx6cCkRpUegMCfnGZRHpA\nSxpHCqhaBRaHDabFwAIA+cuFRzTqk5KpgKcxslTDHvm2RMZQnaEMVNAYebA/7eMZ\ne66N1nw9cGCLzz+pHmSfN1PoW4cJqPzGv3d7VTbu+CQrsNWE6/KMnvMkxi/IaFDS\n2okDSMSnR5sjibLwvrc9gPQhIt/1nk2zwtBbixrjSjRY4kj8nNA1Ph2WMFmOaG4s\n92cYMyhoXUtpCe5GXP3xXAC1YSIY4XnXG3xIUAPKAEChDhI/AYfiPXpR+84Wtd0U\n3eoExaV+15oG8mjUieVh/SJxpzeb1tsjVGCezXl3Df24XHyjPnEg8OFlk4IyTTm0\nbyHEW65Q/1iZL+i+WzVs4xdKDMS/LVbyT+gTX6ZaRJhLjMgtxw165s1BQG9CCLSe\nK9FvNEG1LLYgQ5bURfV9g+fvsGMXBdtSTQWc3tYsnBRQCsi2tMkeyb53ic5aQYnu\ncu5YpSvrLI8z99cTmlHdNiErVqrPqYEZxop60WgeCKE7+4+9StMWRBQiyvhMpmvM\nTjrOJgQAoClvcFgAL/rrCXDDvqvLeAQEzOahbMXuN/BBHEZzFFntb06ahVCdfTbc\ndSy34Lh3XbqATi/NnOP6V2QQQ+rmpXQAg+eEve0SG5VjMmTu6pbmnCIo9D0CAwEA\nAQKCAgAClUIOq+CextP/fNAkragmDnYT8Zp4yLj2WnyAf7Y/iq+l2GbdebTNts/q\nufy3URzD9WBTwuTRK44eaxYS885Kj4UVicQ3U0tvBzNMA8mXw9QYdcBr/HGs9ztp\nk5Otw+tsZT4QHsaTTjG/d8y0UB2bY4ZdB+/zIp/HGGxT6VAQmeTcyjv2O47EF63v\nsTE5Dm9s/i4c9yy0lKOjQxe9ahUpLYtBB+j3y6vgnmaaR0Q3iSjjrJF8AQmAm9Kk\n1kWq4AlW/a7GMf+FdQAZ2ggrl4ALfYGHD1HIylngM858yGomTGaZfbzFaZSSVvXC\niDHEF8tiRK/MPpKfrbkbk2l2GhvZgsU52G2AjyAUDIjL4dd3ADGIj9xIVTVzcfxO\nVzxHkRp3Tq7Qj5nw9S4bIkXI0+5293Zd2FVL5XVl6C/iC5+Ot2z/Cuf+R0AVKq+s\ngvesqDYLY0sWjvKqgRSJLpClWn/5WUe0YunQk65hJI/lOPcncsjaytjltqe/Zrkd\nmXV56ZHqlni4jNXe2NiYdPAmiZXjc6GKLHs//2xXiBRPfW0trsKuC4H4jLIHuY8A\nmWo1FgKUzY65/5KoICK0HS237BFiDeUDFGmt7NmiUnRHOVvOP+uuwNkmkSta19oc\nC1/PNpAsmTLk3Zcog4eVaAkoIBAljykxIO6kWtWQ72IeWL90FwKCAQEAz3VupZhn\nRaEAbvAoLwR71I4+jT8SjR5RmNnFuVHHZHf9NLHxeqCiHYlLzJ1fQLCX286pctGc\nds9pn7/y2fMD5QYX6EsgY3p2HuXN5LsValtSk0uOGnuCokJ2lTQ3Uum6V2txlnq8\nZ8uEWhCSHLE1o7YKS4aNq6G4dqTb0oG9IrNZK3tGOSW1fuGvw0BMS402pY9M7Og8\ny2Um/k07mnE9d2gP6KqnugDMCHXQtRa16QfQAEBIrNCfWFA92CuTRp5TSu7cpfI3\nf8uoFera6saZiRoqMqnWFDhdHCjtUk9o25IEBfJ9p5BhjPZUOnBUQ1wv/u3qaT7G\n5VbGvzUUzqHl4wKCAQEA51PjhIKOL0Ql4sqXDXeG5FU5J1dTDJP0+00D80BHRTNm\nA/lr+aP9JcDdFpQ6oiznDsQ0gJ21+bkQs4XZaUiILPXQ48Uo5Js1C+kq56byN3ci\nqwXIlNiC/wiDLamnbWj6arjtph/l99qbAB50uIz9NQnjQRUMluxBKQPWXT+pLGp2\n/WXuQdgHKVB3Cr6EA83P31J48SoA80uizxSAq7HRUAE4a2ysZaHNcZVUK8WW1Jqt\nmr7lXK1s8E6w+DhjcGwORxsPVFLHcD7zQDwPQ4HkpXhMgxAx6NzXXGkkM41WxLNL\nz9I6Ps0AbO+tDhDx2Gd5PZJFgwFdO15yZYw+62HXXwKCAQEAwosb/HvjdD8b2eyp\nshWhTd0qOWhJLD6fRBgLu9I9ijCfKJgpm9Yg0FPc2f9FwLMZZQ3yhvKbqCquoRju\nUoX6Q/2n07UHpWHEfQsBPhpWZctHr0rt8lWaVjC/ZQF3U/BMRwhBl1x3a1pFPfRG\nIFPpuiDOnK6MEcPw6ImGfmwdgfnvh7/tRU/gWCCpow6bvUmqUi0EdTD/ObkcjOK+\nHwFMI7pZGNVXvixbKR/aXMb0RZeG7YVa4XwtwTJWHG4YiOOVtjIyhgeTFetUL2Fy\nczFT72ay5ZmwYHvOjMawbjx7V1QhI7aXMNhLMlYY/Eg0LIq5k3VmGdW9zHjInavY\nXEEkAwKCAQEAm+lbgDUqNcs9qbSXyHjWDtEt20ks7V5PkIyg6/NX1dlFmcojLzeK\n6EYr/Qrc1e9jr/0n0cP6IZzNF+JP3XkIZx0qtElvPV0qjKOTylwoBqAiWphkT4X6\nDIAlQcKF2OUXWpTXf88iBUJuk87zJmvIQVYvt+7C9Hm5lTZD5ceBczEyj6mCwxgi\nA4N7KF+txI6T21XPs+N2joRc8CtGafJIPB8GcsjlDP7X5AUcnP/on9S8y358QlGV\nCgZPmo0O4HfDy8L+Ovwr9YhIFPQl6X8Dp08EapWgve0SrfMjdid94sdhgmmT3j33\nWnTT85YSGqPrAEe02A40U05d1fmHcsgYCwKCAQEAlzjR4DAJL0f2KT5XjSi6l/Qb\nu6S58wB1IJNM5jcDJ15tJFkx8rlaU/JgrmQMy5liUzxu20gFisA63t/JwE14xtmP\nZk0/4FRKGVhGI3pJ2403Pa9DwzAMIu0PBD5g5emwmQq8S6AIuDS8Xp3iKIJRup/w\n9P05hmgnNXmNaJEmleLkvvi8/VIG+RRcTOtLV6sAyKJoNJxG4UB4mEUab9n+stg+\nzoebdOQpYJq5+DqYCxP330VmhjLuAzXaY/y3BUhmxMaidfYMZxrznLdiFlKGoGhw\nqNKiLQWEdm9FLQZp+nNBLFuT1LDUEm/dOsFXCDf+BjF9IfSUBbbnEu8NimQR6g==\n-----END RSA PRIVATE KEY-----\n",
            "private_key_pem_pkcs8": "-----BEGIN PRIVATE KEY-----\nMIIJRAIBADANBgkqhkiG9w0BAQEFAASCCS4wggkqAgEAAoICAQC7dvJKz6xYd0MJ\ncYU6DZufvHGPqK3HpwKRGlR6AwJ+cZlEekBLGkcKqFoFFocNpsXAAgD5y4VHNOqT\nkqmApzGyVMMe+bZExlCdoQxU0Bh5sD/t4xl7ro3WfD1wYIvPP6keZJ83U+hbhwmo\n/Ma/d3tVNu74JCuw1YTr8oye8yTGL8hoUNLaiQNIxKdHmyOJsvC+tz2A9CEi3/We\nTbPC0FuLGuNKNFjiSPyc0DU+HZYwWY5obiz3ZxgzKGhdS2kJ7kZc/fFcALVhIhjh\nedcbfEhQA8oAQKEOEj8Bh+I9elH7zha13RTd6gTFpX7XmgbyaNSJ5WH9InGnN5vW\n2yNUYJ7NeXcN/bhcfKM+cSDw4WWTgjJNObRvIcRbrlD/WJkv6L5bNWzjF0oMxL8t\nVvJP6BNfplpEmEuMyC3HDXrmzUFAb0IItJ4r0W80QbUstiBDltRF9X2D5++wYxcF\n21JNBZze1iycFFAKyLa0yR7JvneJzlpBie5y7lilK+ssjzP31xOaUd02IStWqs+p\ngRnGinrRaB4IoTv7j71K0xZEFCLK+Eyma8xOOs4mBACgKW9wWAAv+usJcMO+q8t4\nBATM5qFsxe438EEcRnMUWe1vTpqFUJ19Ntx1LLfguHdduoBOL82c4/pXZBBD6ual\ndACD54S97RIblWMyZO7qluacIij0PQIDAQABAoICAAKVQg6r4J7G0/980CStqCYO\ndhPxmnjIuPZafIB/tj+Kr6XYZt15tM22z+q5/LdRHMP1YFPC5NErjh5rFhLzzkqP\nhRWJxDdTS28HM0wDyZfD1Bh1wGv8caz3O2mTk63D62xlPhAexpNOMb93zLRQHZtj\nhl0H7/Min8cYbFPpUBCZ5NzKO/Y7jsQXre+xMTkOb2z+Lhz3LLSUo6NDF71qFSkt\ni0EH6PfLq+CeZppHRDeJKOOskXwBCYCb0qTWRargCVb9rsYx/4V1ABnaCCuXgAt9\ngYcPUcjKWeAzznzIaiZMZpl9vMVplJJW9cKIMcQXy2JEr8w+kp+tuRuTaXYaG9mC\nxTnYbYCPIBQMiMvh13cAMYiP3EhVNXNx/E5XPEeRGndOrtCPmfD1LhsiRcjT7nb3\ndl3YVUvldWXoL+ILn463bP8K5/5HQBUqr6yC96yoNgtjSxaO8qqBFIkukKVaf/lZ\nR7Ri6dCTrmEkj+U49ydyyNrK2OW2p79muR2ZdXnpkeqWeLiM1d7Y2Jh08CaJleNz\noYosez//bFeIFE99bS2uwq4LgfiMsge5jwCZajUWApTNjrn/kqggIrQdLbfsEWIN\n5QMUaa3s2aJSdEc5W84/667A2SaRK1rX2hwLX882kCyZMuTdlyiDh5VoCSggECWP\nKTEg7qRa1ZDvYh5Yv3QXAoIBAQDPdW6lmGdFoQBu8CgvBHvUjj6NPxKNHlGY2cW5\nUcdkd/00sfF6oKIdiUvMnV9AsJfbzqly0Zx2z2mfv/LZ8wPlBhfoSyBjenYe5c3k\nuxVqW1KTS44ae4KiQnaVNDdS6bpXa3GWerxny4RaEJIcsTWjtgpLho2robh2pNvS\ngb0is1kre0Y5JbV+4a/DQExLjTalj0zs6DzLZSb+TTuacT13aA/oqqe6AMwIddC1\nFrXpB9AAQEis0J9YUD3YK5NGnlNK7tyl8jd/y6gV6trqxpmJGioyqdYUOF0cKO1S\nT2jbkgQF8n2nkGGM9lQ6cFRDXC/+7eppPsblVsa/NRTOoeXjAoIBAQDnU+OEgo4v\nRCXiypcNd4bkVTknV1MMk/T7TQPzQEdFM2YD+Wv5o/0lwN0WlDqiLOcOxDSAnbX5\nuRCzhdlpSIgs9dDjxSjkmzUL6SrnpvI3dyKrBciU2IL/CIMtqadtaPpquO2mH+X3\n2psAHnS4jP01CeNBFQyW7EEpA9ZdP6ksanb9Ze5B2AcpUHcKvoQDzc/fUnjxKgDz\nS6LPFICrsdFQAThrbKxloc1xlVQrxZbUmq2avuVcrWzwTrD4OGNwbA5HGw9UUsdw\nPvNAPA9DgeSleEyDEDHo3NdcaSQzjVbEs0vP0jo+zQBs760OEPHYZ3k9kkWDAV07\nXnJljD7rYddfAoIBAQDCixv8e+N0PxvZ7KmyFaFN3So5aEksPp9EGAu70j2KMJ8o\nmCmb1iDQU9zZ/0XAsxllDfKG8puoKq6hGO5ShfpD/afTtQelYcR9CwE+GlZly0ev\nSu3yVZpWML9lAXdT8ExHCEGXXHdrWkU99EYgU+m6IM6crowRw/DoiYZ+bB2B+e+H\nv+1FT+BYIKmjDpu9SapSLQR1MP85uRyM4r4fAUwjulkY1Ve+LFspH9pcxvRFl4bt\nhVrhfC3BMlYcbhiI45W2MjKGB5MV61QvYXJzMVPvZrLlmbBge86MxrBuPHtXVCEj\ntpcw2EsyVhj8SDQsirmTdWYZ1b3MeMidq9hcQSQDAoIBAQCb6VuANSo1yz2ptJfI\neNYO0S3bSSztXk+QjKDr81fV2UWZyiMvN4roRiv9CtzV72Ov/SfRw/ohnM0X4k/d\neQhnHSq0SW89XSqMo5PKXCgGoCJamGRPhfoMgCVBwoXY5RdalNd/zyIFQm6TzvMm\na8hBVi+37sL0ebmVNkPlx4FzMTKPqYLDGCIDg3soX63EjpPbVc+z43aOhFzwK0Zp\n8kg8HwZyyOUM/tfkBRyc/+if1LzLfnxCUZUKBk+ajQ7gd8PLwv46/Cv1iEgU9CXp\nfwOnTwRqlaC97RKt8yN2J33ix2GCaZPePfdadNPzlhIao+sAR7TYDjRTTl3V+Ydy\nyBgLAoIBAQCXONHgMAkvR/YpPleNKLqX9Bu7pLnzAHUgk0zmNwMnXm0kWTHyuVpT\n8mCuZAzLmWJTPG7bSAWKwDre38nATXjG2Y9mTT/gVEoZWEYjeknbjTc9r0PDMAwi\n7Q8EPmDl6bCZCrxLoAi4NLxeneIoglG6n/D0/TmGaCc1eY1okSaV4uS++Lz9Ugb5\nFFxM60tXqwDIomg0nEbhQHiYRRpv2f6y2D7Oh5t05Clgmrn4OpgLE/ffRWaGMu4D\nNdpj/LcFSGbExqJ19gxnGvOct2IWUoagaHCo0qItBYR2b0UtBmn6c0EsW5PUsNQS\nb906wVcIN/4GMX0h9JQFtucS7w2KZBHq\n-----END PRIVATE KEY-----\n",
            "public_key_fingerprint_md5": "1d:89:0a:f8:9a:9d:fe:1b:ce:ab:47:fc:50:54:35:b3",
            "public_key_fingerprint_sha256": "SHA256:yiyUKYTkOXB31uNPBDGPXP+Zo3ft3gyWazwYEhR9Ds0",
            "public_key_openssh": "ssh-rsa AAAAB3NzaC1yc2EAAAADAQABAAACAQC7dvJKz6xYd0MJcYU6DZufvHGPqK3HpwKRGlR6AwJ+cZlEekBLGkcKqFoFFocNpsXAAgD5y4VHNOqTkqmApzGyVMMe+bZExlCdoQxU0Bh5sD/t4xl7ro3WfD1wYIvPP6keZJ83U+hbhwmo/Ma/d3tVNu74JCuw1YTr8oye8yTGL8hoUNLaiQNIxKdHmyOJsvC+tz2A9CEi3/WeTbPC0FuLGuNKNFjiSPyc0DU+HZYwWY5obiz3ZxgzKGhdS2kJ7kZc/fFcALVhIhjhedcbfEhQA8oAQKEOEj8Bh+I9elH7zha13RTd6gTFpX7XmgbyaNSJ5WH9InGnN5vW2yNUYJ7NeXcN/bhcfKM+cSDw4WWTgjJNObRvIcRbrlD/WJkv6L5bNWzjF0oMxL8tVvJP6BNfplpEmEuMyC3HDXrmzUFAb0IItJ4r0W80QbUstiBDltRF9X2D5++wYxcF21JNBZze1iycFFAKyLa0yR7JvneJzlpBie5y7lilK+ssjzP31xOaUd02IStWqs+pgRnGinrRaB4IoTv7j71K0xZEFCLK+Eyma8xOOs4mBACgKW9wWAAv+usJcMO+q8t4BATM5qFsxe438EEcRnMUWe1vTpqFUJ19Ntx1LLfguHdduoBOL82c4/pXZBBD6ualdACD54S97RIblWMyZO7qluacIij0PQ==\n",
            "public_key_pem": "-----BEGIN PUBLIC KEY-----\nMIICIjANBgkqhkiG9w0BAQEFAAOCAg8AMIICCgKCAgEAu3bySs+sWHdDCXGFOg2b\nn7xxj6itx6cCkRpUegMCfnGZRHpASxpHCqhaBRaHDabFwAIA+cuFRzTqk5KpgKcx\nslTDHvm2RMZQnaEMVNAYebA/7eMZe66N1nw9cGCLzz+pHmSfN1PoW4cJqPzGv3d7\nVTbu+CQrsNWE6/KMnvMkxi/IaFDS2okDSMSnR5sjibLwvrc9gPQhIt/1nk2zwtBb\nixrjSjRY4kj8nNA1Ph2WMFmOaG4s92cYMyhoXUtpCe5GXP3xXAC1YSIY4XnXG3xI\nUAPKAEChDhI/AYfiPXpR+84Wtd0U3eoExaV+15oG8mjUieVh/SJxpzeb1tsjVGCe\nzXl3Df24XHyjPnEg8OFlk4IyTTm0byHEW65Q/1iZL+i+WzVs4xdKDMS/LVbyT+gT\nX6ZaRJhLjMgtxw165s1BQG9CCLSeK9FvNEG1LLYgQ5bURfV9g+fvsGMXBdtSTQWc\n3tYsnBRQCsi2tMkeyb53ic5aQYnucu5YpSvrLI8z99cTmlHdNiErVqrPqYEZxop6\n0WgeCKE7+4+9StMWRBQiyvhMpmvMTjrOJgQAoClvcFgAL/rrCXDDvqvLeAQEzOah\nbMXuN/BBHEZzFFntb06ahVCdfTbcdSy34Lh3XbqATi/NnOP6V2QQQ+rmpXQAg+eE\nve0SG5VjMmTu6pbmnCIo9D0CAwEAAQ==\n-----END PUBLIC KEY-----\n",
            "rsa_bits": 4096
          },
          "sensitive_attributes": [
            [
              {
                "type": "get_attr",
                "value": "private_key_openssh"
              }
            ],
            [
              {
                "type": "get_attr",
                "value": "private_key_pem"
              }
            ],
            [
              {
                "type": "get_attr",
                "value": "private_key_pem_pkcs8"
              }
            ]
          ],
          "identity_schema_version": 0
        }
      ]
    }
  ],
  "check_results": null
}
